
Microsoft Visual Studio Solution File, Format Version 12.00
# Visual Studio Version 17
VisualStudioVersion = 17.4.33213.308
MinimumVisualStudioVersion = 10.0.40219.1
Project("{FAE04EC0-301F-11D3-BF4B-00C04F79EFBC}") = "Aula15Cadastro", "Aula15Cadastro\Aula15Cadastro.csproj", "{55D226CD-9870-4B47-A320-266C02B8DE3B}"
EndProject
Global
	GlobalSection(SolutionConfigurationPlatforms) = preSolution
		Debug|Any CPU = Debug|Any CPU
		Release|Any CPU = Release|Any CPU
	EndGlobalSection
	GlobalSection(ProjectConfigurationPlatforms) = postSolution
		{55D226CD-9870-4B47-A320-266C02B8DE3B}.Debug|Any CPU.ActiveCfg = Debug|Any CPU
		{55D226CD-9870-4B47-A320-266C02B8DE3B}.Debug|Any CPU.Build.0 = Debug|Any CPU
		{55D226CD-9870-4B47-A320-266C02B8DE3B}.Release|Any CPU.ActiveCfg = Release|Any CPU
		{55D226CD-9870-4B47-A320-266C02B8DE3B}.Release|Any CPU.Build.0 = Release|Any CPU
	EndGlobalSection
	GlobalSection(SolutionProperties) = preSolution
		HideSolutionNode = FALSE
	EndGlobalSection
	GlobalSection(ExtensibilityGlobals) = postSolution
		SolutionGuid = {91D37FBB-61CC-4DF0-9234-76C2B3881AA8}
	EndGlobalSection
EndGlobal
